
Microsoft Visual Studio Solution File, Format Version 12.00
# Visual Studio Version 17
VisualStudioVersion = 17.2.32630.192
MinimumVisualStudioVersion = 10.0.40219.1
Project("{9A19103F-16F7-4668-BE54-9A1E7A4F7556}") = "MoodAnalyser", "MoodAnalyser.csproj", "{000318EA-2423-4A25-936C-47F13EB5061C}"
EndProject
Project("{FAE04EC0-301F-11D3-BF4B-00C04F79EFBC}") = "MoodAnalyserTestCases", "..\MoodAnalyserTestCases\MoodAnalyserTestCases.csproj", "{EFF3EED4-D28B-474B-9924-A9F70C5397ED}"
EndProject
Global
	GlobalSection(SolutionConfigurationPlatforms) = preSolution
		Debug|Any CPU = Debug|Any CPU
		Release|Any CPU = Release|Any CPU
	EndGlobalSection
	GlobalSection(ProjectConfigurationPlatforms) = postSolution
		{000318EA-2423-4A25-936C-47F13EB5061C}.Debug|Any CPU.ActiveCfg = Debug|Any CPU
		{000318EA-2423-4A25-936C-47F13EB5061C}.Debug|Any CPU.Build.0 = Debug|Any CPU
		{000318EA-2423-4A25-936C-47F13EB5061C}.Release|Any CPU.ActiveCfg = Release|Any CPU
		{000318EA-2423-4A25-936C-47F13EB5061C}.Release|Any CPU.Build.0 = Release|Any CPU
		{EFF3EED4-D28B-474B-9924-A9F70C5397ED}.Debug|Any CPU.ActiveCfg = Debug|Any CPU
		{EFF3EED4-D28B-474B-9924-A9F70C5397ED}.Debug|Any CPU.Build.0 = Debug|Any CPU
		{EFF3EED4-D28B-474B-9924-A9F70C5397ED}.Release|Any CPU.ActiveCfg = Release|Any CPU
		{EFF3EED4-D28B-474B-9924-A9F70C5397ED}.Release|Any CPU.Build.0 = Release|Any CPU
	EndGlobalSection
	GlobalSection(SolutionProperties) = preSolution
		HideSolutionNode = FALSE
	EndGlobalSection
	GlobalSection(ExtensibilityGlobals) = postSolution
		SolutionGuid = {963052D0-3504-411C-928D-7A3F6BF71356}
	EndGlobalSection
EndGlobal
